<?xml version="1.0" encoding="utf-8"?>
<Project ToolsVersion="17.0" xmlns="http://schemas.microsoft.com/developer/msbuild/2003">
  <ItemGroup>
    <ClCompile Include="F:\c++\WinApi part2\src\main.cpp">
      <Filter>Source Files</Filter>
    </ClCompile>
    <ClCompile Include="F:\c++\WinApi part2\src\stb.cpp">
      <Filter>Source Files</Filter>
    </ClCompile>
    <ClCompile Include="F:\c++\WinApi part2\src\Math\Rectangle.cpp">
      <Filter>Source Files</Filter>
    </ClCompile>
    <ClCompile Include="F:\c++\WinApi part2\src\Math\Vector2.cpp">
      <Filter>Source Files</Filter>
    </ClCompile>
    <ClCompile Include="F:\c++\WinApi part2\src\Texture.cpp">
      <Filter>Source Files</Filter>
    </ClCompile>
    <ClCompile Include="F:\c++\WinApi part2\src\TextureLoader.cpp">
      <Filter>Source Files</Filter>
    </ClCompile>
    <ClCompile Include="F:\c++\WinApi part2\src\Camera2D.cpp">
      <Filter>Source Files</Filter>
    </ClCompile>
    <ClCompile Include="F:\c++\WinApi part2\src\Block.cpp">
      <Filter>Source Files</Filter>
    </ClCompile>
    <ClCompile Include="F:\c++\WinApi part2\src\Player.cpp">
      <Filter>Source Files</Filter>
    </ClCompile>
    <ClCompile Include="F:\c++\WinApi part2\src\SceneManager.cpp">
      <Filter>Source Files</Filter>
    </ClCompile>
    <ClCompile Include="F:\c++\WinApi part2\src\RoomGenerator.cpp">
      <Filter>Source Files</Filter>
    </ClCompile>
    <ClCompile Include="F:\c++\WinApi part2\src\GameScene.cpp">
      <Filter>Source Files</Filter>
    </ClCompile>
    <ClCompile Include="F:\c++\WinApi part2\src\FontLoader.cpp">
      <Filter>Source Files</Filter>
    </ClCompile>
    <ClCompile Include="F:\c++\WinApi part2\src\MenuScene.cpp">
      <Filter>Source Files</Filter>
    </ClCompile>
  </ItemGroup>
  <ItemGroup>
    <CustomBuild Include="F:\c++\WinApi part2\CMakeLists.txt" />
  </ItemGroup>
  <ItemGroup>
    <Filter Include="Source Files">
      <UniqueIdentifier>{E96F246A-32F8-34F8-BE94-332AA2218504}</UniqueIdentifier>
    </Filter>
  </ItemGroup>
  <ItemGroup>
    <None Include=".gitignore" />
    <None Include="cmake_install.cmake" />
    <None Include="cpp.hint" />
    <None Include="README.md" />
  </ItemGroup>
  <ItemGroup>
    <Text Include="CMakeCache.txt" />
  </ItemGroup>
  <ItemGroup>
    <Font Include="font\Hayamichi-ow73q.ttf" />
    <Font Include="font\PlushwieFont1-Regular_4.otf" />
  </ItemGroup>
  <ItemGroup>
    <ClInclude Include="libs\include\GLFW\glfw3.h" />
    <ClInclude Include="libs\include\GLFW\glfw3native.h" />
    <ClInclude Include="libs\include\stb\stb_image.h" />
  </ItemGroup>
</Project>